
Microsoft Visual Studio Solution File, Format Version 12.00
# Visual Studio Version 16
VisualStudioVersion = 16.0.31112.23
MinimumVisualStudioVersion = 10.0.40219.1
Project("{FAE04EC0-301F-11D3-BF4B-00C04F79EFBC}") = "BubbleSortLab", "BubbleSortLab\BubbleSortLab.csproj", "{6FDAC737-F7C7-4E78-A1DC-1B68E2E87569}"
EndProject
Global
	GlobalSection(SolutionConfigurationPlatforms) = preSolution
		Debug|Any CPU = Debug|Any CPU
		Release|Any CPU = Release|Any CPU
	EndGlobalSection
	GlobalSection(ProjectConfigurationPlatforms) = postSolution
		{6FDAC737-F7C7-4E78-A1DC-1B68E2E87569}.Debug|Any CPU.ActiveCfg = Debug|Any CPU
		{6FDAC737-F7C7-4E78-A1DC-1B68E2E87569}.Debug|Any CPU.Build.0 = Debug|Any CPU
		{6FDAC737-F7C7-4E78-A1DC-1B68E2E87569}.Release|Any CPU.ActiveCfg = Release|Any CPU
		{6FDAC737-F7C7-4E78-A1DC-1B68E2E87569}.Release|Any CPU.Build.0 = Release|Any CPU
	EndGlobalSection
	GlobalSection(SolutionProperties) = preSolution
		HideSolutionNode = FALSE
	EndGlobalSection
	GlobalSection(ExtensibilityGlobals) = postSolution
		SolutionGuid = {0274F0F7-C8A2-4111-AEDA-E71332A634BB}
	EndGlobalSection
EndGlobal
